
Microsoft Visual Studio Solution File, Format Version 12.00
# Visual Studio Version 16
VisualStudioVersion = 16.0.30114.105
MinimumVisualStudioVersion = 10.0.40219.1
Project("{FAE04EC0-301F-11D3-BF4B-00C04F79EFBC}") = "ConsoleApp1", "ConsoleApp1\ConsoleApp1.csproj", "{8698262A-36B4-4C4F-AAFA-081FBF8CAFFE}"
EndProject
Project("{9A19103F-16F7-4668-BE54-9A1E7A4F7556}") = "Business", "..\Business\Business.csproj", "{B4680B8D-0106-4B12-B9A9-083288DA558B}"
EndProject
Project("{9A19103F-16F7-4668-BE54-9A1E7A4F7556}") = "Core", "..\Core\Core.csproj", "{87CDAF10-F029-47E3-9ADD-08074CB6A8E4}"
EndProject
Project("{9A19103F-16F7-4668-BE54-9A1E7A4F7556}") = "Data", "..\Data\Data.csproj", "{0927117F-8259-4A14-9934-D919E33160F6}"
EndProject
Project("{9A19103F-16F7-4668-BE54-9A1E7A4F7556}") = "Repositories", "..\Repositories\Repositories.csproj", "{0DA27CC9-D824-4947-A0B3-190268D3D80E}"
EndProject
Global
	GlobalSection(SolutionConfigurationPlatforms) = preSolution
		Debug|Any CPU = Debug|Any CPU
		Release|Any CPU = Release|Any CPU
	EndGlobalSection
	GlobalSection(ProjectConfigurationPlatforms) = postSolution
		{8698262A-36B4-4C4F-AAFA-081FBF8CAFFE}.Debug|Any CPU.ActiveCfg = Debug|Any CPU
		{8698262A-36B4-4C4F-AAFA-081FBF8CAFFE}.Debug|Any CPU.Build.0 = Debug|Any CPU
		{8698262A-36B4-4C4F-AAFA-081FBF8CAFFE}.Release|Any CPU.ActiveCfg = Release|Any CPU
		{8698262A-36B4-4C4F-AAFA-081FBF8CAFFE}.Release|Any CPU.Build.0 = Release|Any CPU
		{B4680B8D-0106-4B12-B9A9-083288DA558B}.Debug|Any CPU.ActiveCfg = Debug|Any CPU
		{B4680B8D-0106-4B12-B9A9-083288DA558B}.Debug|Any CPU.Build.0 = Debug|Any CPU
		{B4680B8D-0106-4B12-B9A9-083288DA558B}.Release|Any CPU.ActiveCfg = Release|Any CPU
		{B4680B8D-0106-4B12-B9A9-083288DA558B}.Release|Any CPU.Build.0 = Release|Any CPU
		{87CDAF10-F029-47E3-9ADD-08074CB6A8E4}.Debug|Any CPU.ActiveCfg = Debug|Any CPU
		{87CDAF10-F029-47E3-9ADD-08074CB6A8E4}.Debug|Any CPU.Build.0 = Debug|Any CPU
		{87CDAF10-F029-47E3-9ADD-08074CB6A8E4}.Release|Any CPU.ActiveCfg = Release|Any CPU
		{87CDAF10-F029-47E3-9ADD-08074CB6A8E4}.Release|Any CPU.Build.0 = Release|Any CPU
		{0927117F-8259-4A14-9934-D919E33160F6}.Debug|Any CPU.ActiveCfg = Debug|Any CPU
		{0927117F-8259-4A14-9934-D919E33160F6}.Debug|Any CPU.Build.0 = Debug|Any CPU
		{0927117F-8259-4A14-9934-D919E33160F6}.Release|Any CPU.ActiveCfg = Release|Any CPU
		{0927117F-8259-4A14-9934-D919E33160F6}.Release|Any CPU.Build.0 = Release|Any CPU
		{0DA27CC9-D824-4947-A0B3-190268D3D80E}.Debug|Any CPU.ActiveCfg = Debug|Any CPU
		{0DA27CC9-D824-4947-A0B3-190268D3D80E}.Debug|Any CPU.Build.0 = Debug|Any CPU
		{0DA27CC9-D824-4947-A0B3-190268D3D80E}.Release|Any CPU.ActiveCfg = Release|Any CPU
		{0DA27CC9-D824-4947-A0B3-190268D3D80E}.Release|Any CPU.Build.0 = Release|Any CPU
	EndGlobalSection
	GlobalSection(SolutionProperties) = preSolution
		HideSolutionNode = FALSE
	EndGlobalSection
	GlobalSection(ExtensibilityGlobals) = postSolution
		SolutionGuid = {BAE7683C-8F2E-42C3-A966-F3BD987D021A}
	EndGlobalSection
EndGlobal
