
Microsoft Visual Studio Solution File, Format Version 12.00
# Visual Studio Version 16
VisualStudioVersion = 16.0.30114.105
MinimumVisualStudioVersion = 10.0.40219.1
Project("{FAE04EC0-301F-11D3-BF4B-00C04F79EFBC}") = "IOTEmulator", "IOTEmulator\IOTEmulator.csproj", "{E69ACCEE-A456-46E2-8CC0-DA9D49468BAC}"
EndProject
Global
	GlobalSection(SolutionConfigurationPlatforms) = preSolution
		Debug|Any CPU = Debug|Any CPU
		Release|Any CPU = Release|Any CPU
	EndGlobalSection
	GlobalSection(ProjectConfigurationPlatforms) = postSolution
		{E69ACCEE-A456-46E2-8CC0-DA9D49468BAC}.Debug|Any CPU.ActiveCfg = Debug|Any CPU
		{E69ACCEE-A456-46E2-8CC0-DA9D49468BAC}.Debug|Any CPU.Build.0 = Debug|Any CPU
		{E69ACCEE-A456-46E2-8CC0-DA9D49468BAC}.Release|Any CPU.ActiveCfg = Release|Any CPU
		{E69ACCEE-A456-46E2-8CC0-DA9D49468BAC}.Release|Any CPU.Build.0 = Release|Any CPU
	EndGlobalSection
	GlobalSection(SolutionProperties) = preSolution
		HideSolutionNode = FALSE
	EndGlobalSection
	GlobalSection(ExtensibilityGlobals) = postSolution
		SolutionGuid = {C9F8CFA7-9817-4EFF-833D-4AE727F91B7E}
	EndGlobalSection
EndGlobal
